
Microsoft Visual Studio Solution File, Format Version 12.00
# Visual Studio 15
VisualStudioVersion = 15.0.28307.136
MinimumVisualStudioVersion = 10.0.40219.1
Project("{FAE04EC0-301F-11D3-BF4B-00C04F79EFBC}") = "FreeKassaMerchant", "FreeKassaMerchant\FreeKassaMerchant.csproj", "{2A943544-BAD7-4B8A-B35F-A856C90505F4}"
EndProject
Global
	GlobalSection(SolutionConfigurationPlatforms) = preSolution
		Debug|Any CPU = Debug|Any CPU
		Release|Any CPU = Release|Any CPU
	EndGlobalSection
	GlobalSection(ProjectConfigurationPlatforms) = postSolution
		{2A943544-BAD7-4B8A-B35F-A856C90505F4}.Debug|Any CPU.ActiveCfg = Debug|Any CPU
		{2A943544-BAD7-4B8A-B35F-A856C90505F4}.Debug|Any CPU.Build.0 = Debug|Any CPU
		{2A943544-BAD7-4B8A-B35F-A856C90505F4}.Release|Any CPU.ActiveCfg = Release|Any CPU
		{2A943544-BAD7-4B8A-B35F-A856C90505F4}.Release|Any CPU.Build.0 = Release|Any CPU
	EndGlobalSection
	GlobalSection(SolutionProperties) = preSolution
		HideSolutionNode = FALSE
	EndGlobalSection
	GlobalSection(ExtensibilityGlobals) = postSolution
		SolutionGuid = {648431A6-82C9-4D0D-975E-5ADD3B62D1D7}
	EndGlobalSection
EndGlobal
